
Microsoft Visual Studio Solution File, Format Version 12.00
# Visual Studio Version 16
VisualStudioVersion = 16.0.31515.178
MinimumVisualStudioVersion = 10.0.40219.1
Project("{FAE04EC0-301F-11D3-BF4B-00C04F79EFBC}") = "ConsoleAppRecogKorean", "ConsoleAppRecogKorean\ConsoleAppRecogKorean.csproj", "{06691473-E5BE-4142-9832-018699B1BFFD}"
EndProject
Global
	GlobalSection(SolutionConfigurationPlatforms) = preSolution
		Debug|Any CPU = Debug|Any CPU
		Release|Any CPU = Release|Any CPU
	EndGlobalSection
	GlobalSection(ProjectConfigurationPlatforms) = postSolution
		{06691473-E5BE-4142-9832-018699B1BFFD}.Debug|Any CPU.ActiveCfg = Debug|Any CPU
		{06691473-E5BE-4142-9832-018699B1BFFD}.Debug|Any CPU.Build.0 = Debug|Any CPU
		{06691473-E5BE-4142-9832-018699B1BFFD}.Release|Any CPU.ActiveCfg = Release|Any CPU
		{06691473-E5BE-4142-9832-018699B1BFFD}.Release|Any CPU.Build.0 = Release|Any CPU
	EndGlobalSection
	GlobalSection(SolutionProperties) = preSolution
		HideSolutionNode = FALSE
	EndGlobalSection
	GlobalSection(ExtensibilityGlobals) = postSolution
		SolutionGuid = {65CFD532-06C5-44F9-94CB-E04301E9D613}
	EndGlobalSection
EndGlobal
